
Microsoft Visual Studio Solution File, Format Version 12.00
# Visual Studio Version 16
VisualStudioVersion = 16.0.33927.289
MinimumVisualStudioVersion = 10.0.40219.1
Project("{FAE04EC0-301F-11D3-BF4B-00C04F79EFBC}") = "Ecommerce_MVC", "Ecommerce_MVC\Ecommerce_MVC.csproj", "{ADA2B6A7-A9AD-4782-8362-15A945AED701}"
EndProject
Global
	GlobalSection(SolutionConfigurationPlatforms) = preSolution
		Debug|Any CPU = Debug|Any CPU
		Release|Any CPU = Release|Any CPU
	EndGlobalSection
	GlobalSection(ProjectConfigurationPlatforms) = postSolution
		{ADA2B6A7-A9AD-4782-8362-15A945AED701}.Debug|Any CPU.ActiveCfg = Debug|Any CPU
		{ADA2B6A7-A9AD-4782-8362-15A945AED701}.Debug|Any CPU.Build.0 = Debug|Any CPU
		{ADA2B6A7-A9AD-4782-8362-15A945AED701}.Release|Any CPU.ActiveCfg = Release|Any CPU
		{ADA2B6A7-A9AD-4782-8362-15A945AED701}.Release|Any CPU.Build.0 = Release|Any CPU
	EndGlobalSection
	GlobalSection(SolutionProperties) = preSolution
		HideSolutionNode = FALSE
	EndGlobalSection
	GlobalSection(ExtensibilityGlobals) = postSolution
		SolutionGuid = {1CF243BE-A453-4FC2-9D70-108F2D18F8D5}
	EndGlobalSection
EndGlobal
